
Microsoft Visual Studio Solution File, Format Version 12.00
# Visual Studio 15
VisualStudioVersion = 15.0.27130.2036
MinimumVisualStudioVersion = 10.0.40219.1
Project("{FAE04EC0-301F-11D3-BF4B-00C04F79EFBC}") = "BankSystem", "BankSystem\BankSystem.csproj", "{E191DBE9-774A-4726-9A61-5D672401C857}"
EndProject
Project("{FAE04EC0-301F-11D3-BF4B-00C04F79EFBC}") = "BankSystem.Tests", "BankSystem.Tests\BankSystem.Tests.csproj", "{6D3EE9D4-E025-4C1C-8126-F6A7AEEB23A8}"
EndProject
Project("{FAE04EC0-301F-11D3-BF4B-00C04F79EFBC}") = "HostApp", "HostApp\HostApp.csproj", "{4A71B1BA-3393-4094-8C0C-123A3F458A60}"
EndProject
Project("{FAE04EC0-301F-11D3-BF4B-00C04F79EFBC}") = "MSTests", "MSTests\MSTests.csproj", "{24169BE0-BEE5-4276-8B49-445CE4141131}"
EndProject
Global
	GlobalSection(SolutionConfigurationPlatforms) = preSolution
		Debug|Any CPU = Debug|Any CPU
		Release|Any CPU = Release|Any CPU
	EndGlobalSection
	GlobalSection(ProjectConfigurationPlatforms) = postSolution
		{E191DBE9-774A-4726-9A61-5D672401C857}.Debug|Any CPU.ActiveCfg = Debug|Any CPU
		{E191DBE9-774A-4726-9A61-5D672401C857}.Debug|Any CPU.Build.0 = Debug|Any CPU
		{E191DBE9-774A-4726-9A61-5D672401C857}.Release|Any CPU.ActiveCfg = Release|Any CPU
		{E191DBE9-774A-4726-9A61-5D672401C857}.Release|Any CPU.Build.0 = Release|Any CPU
		{6D3EE9D4-E025-4C1C-8126-F6A7AEEB23A8}.Debug|Any CPU.ActiveCfg = Debug|Any CPU
		{6D3EE9D4-E025-4C1C-8126-F6A7AEEB23A8}.Debug|Any CPU.Build.0 = Debug|Any CPU
		{6D3EE9D4-E025-4C1C-8126-F6A7AEEB23A8}.Release|Any CPU.ActiveCfg = Release|Any CPU
		{6D3EE9D4-E025-4C1C-8126-F6A7AEEB23A8}.Release|Any CPU.Build.0 = Release|Any CPU
		{4A71B1BA-3393-4094-8C0C-123A3F458A60}.Debug|Any CPU.ActiveCfg = Debug|Any CPU
		{4A71B1BA-3393-4094-8C0C-123A3F458A60}.Debug|Any CPU.Build.0 = Debug|Any CPU
		{4A71B1BA-3393-4094-8C0C-123A3F458A60}.Release|Any CPU.ActiveCfg = Release|Any CPU
		{4A71B1BA-3393-4094-8C0C-123A3F458A60}.Release|Any CPU.Build.0 = Release|Any CPU
		{24169BE0-BEE5-4276-8B49-445CE4141131}.Debug|Any CPU.ActiveCfg = Debug|Any CPU
		{24169BE0-BEE5-4276-8B49-445CE4141131}.Debug|Any CPU.Build.0 = Debug|Any CPU
		{24169BE0-BEE5-4276-8B49-445CE4141131}.Release|Any CPU.ActiveCfg = Release|Any CPU
		{24169BE0-BEE5-4276-8B49-445CE4141131}.Release|Any CPU.Build.0 = Release|Any CPU
	EndGlobalSection
	GlobalSection(SolutionProperties) = preSolution
		HideSolutionNode = FALSE
	EndGlobalSection
	GlobalSection(ExtensibilityGlobals) = postSolution
		SolutionGuid = {6132D577-AAA6-46E0-BCFC-EA526ED522FB}
	EndGlobalSection
EndGlobal
